{
  "requires": true,
  "lockfileVersion": 1,
  "dependencies": {
    "@ztree/ztree_v3": {
      "version": "3.5.41",
      "resolved": "https://registry.npmjs.org/@ztree/ztree_v3/-/ztree_v3-3.5.41.tgz",
      "integrity": "sha512-vfsv9F0VyTuTAy4KqR2jfMOIQqDSFd5/yBT1Sldajhv93SqowI1CGZ1qK7HhOgoy+ag1xoUpNebsuW9ywH5jag==",
      "requires": {
        "jquery": ">=1.4.4"
      }
    },
    "jquery": {
      "version": "3.4.1",
      "resolved": "https://registry.npmjs.org/jquery/-/jquery-3.4.1.tgz",
      "integrity": "sha512-36+AdBzCL+y6qjw5Tx7HgzeGCzC81MDDgaUP8ld2zhx58HdqXGoBd+tHdrBMiyjGQs0Hxs/MLZTu/eHNJJuWPw=="
    }
  }
}
